
Microsoft Visual Studio Solution File, Format Version 12.00
# Visual Studio Version 16
VisualStudioVersion = 16.0.30204.135
MinimumVisualStudioVersion = 10.0.40219.1
Project("{FAE04EC0-301F-11D3-BF4B-00C04F79EFBC}") = "Konichi_wa", "Konichi_wa\Konichi_wa.csproj", "{72D08378-E6E3-4E4E-9E04-8DFDD6AE6DC1}"
EndProject
Global
	GlobalSection(SolutionConfigurationPlatforms) = preSolution
		Debug|Any CPU = Debug|Any CPU
		Release|Any CPU = Release|Any CPU
	EndGlobalSection
	GlobalSection(ProjectConfigurationPlatforms) = postSolution
		{72D08378-E6E3-4E4E-9E04-8DFDD6AE6DC1}.Debug|Any CPU.ActiveCfg = Debug|Any CPU
		{72D08378-E6E3-4E4E-9E04-8DFDD6AE6DC1}.Debug|Any CPU.Build.0 = Debug|Any CPU
		{72D08378-E6E3-4E4E-9E04-8DFDD6AE6DC1}.Release|Any CPU.ActiveCfg = Release|Any CPU
		{72D08378-E6E3-4E4E-9E04-8DFDD6AE6DC1}.Release|Any CPU.Build.0 = Release|Any CPU
	EndGlobalSection
	GlobalSection(SolutionProperties) = preSolution
		HideSolutionNode = FALSE
	EndGlobalSection
	GlobalSection(ExtensibilityGlobals) = postSolution
		SolutionGuid = {3B2830CA-08B3-4F30-BF09-4A21025A9558}
	EndGlobalSection
EndGlobal
